
Microsoft Visual Studio Solution File, Format Version 12.00
# Visual Studio Version 17
VisualStudioVersion = 17.5.33530.505
MinimumVisualStudioVersion = 10.0.40219.1
Project("{FAE04EC0-301F-11D3-BF4B-00C04F79EFBC}") = "CovidApp", "CovidApp\CovidApp.csproj", "{E9DB0408-F00A-4737-81AA-1D8363499333}"
EndProject
Project("{FAE04EC0-301F-11D3-BF4B-00C04F79EFBC}") = "CovidAppTest", "CovidAppTest\CovidAppTest.csproj", "{3239C0FA-85C5-4F46-AFF6-D09BF1E6B65C}"
EndProject
Global
	GlobalSection(SolutionConfigurationPlatforms) = preSolution
		Debug|Any CPU = Debug|Any CPU
		Release|Any CPU = Release|Any CPU
	EndGlobalSection
	GlobalSection(ProjectConfigurationPlatforms) = postSolution
		{E9DB0408-F00A-4737-81AA-1D8363499333}.Debug|Any CPU.ActiveCfg = Debug|Any CPU
		{E9DB0408-F00A-4737-81AA-1D8363499333}.Debug|Any CPU.Build.0 = Debug|Any CPU
		{E9DB0408-F00A-4737-81AA-1D8363499333}.Release|Any CPU.ActiveCfg = Release|Any CPU
		{E9DB0408-F00A-4737-81AA-1D8363499333}.Release|Any CPU.Build.0 = Release|Any CPU
		{3239C0FA-85C5-4F46-AFF6-D09BF1E6B65C}.Debug|Any CPU.ActiveCfg = Debug|Any CPU
		{3239C0FA-85C5-4F46-AFF6-D09BF1E6B65C}.Debug|Any CPU.Build.0 = Debug|Any CPU
		{3239C0FA-85C5-4F46-AFF6-D09BF1E6B65C}.Release|Any CPU.ActiveCfg = Release|Any CPU
		{3239C0FA-85C5-4F46-AFF6-D09BF1E6B65C}.Release|Any CPU.Build.0 = Release|Any CPU
	EndGlobalSection
	GlobalSection(SolutionProperties) = preSolution
		HideSolutionNode = FALSE
	EndGlobalSection
	GlobalSection(ExtensibilityGlobals) = postSolution
		SolutionGuid = {6166A8E5-88F3-4A1D-A2AC-8520AEBC7D4E}
	EndGlobalSection
EndGlobal
